// !$*UTF8*$!
{
	archiveVersion = 1;
	classes = {
	};
	objectVersion = 50;
	objects = {

/* Begin PBXBuildFile section */
		847BBBEF27C5E607005E8A6C /* AppDelegate.swift in Sources */ = {isa = PBXBuildFile; fileRef = 847BBBEE27C5E607005E8A6C /* AppDelegate.swift */; };
		847BBBF127C5E607005E8A6C /* SceneDelegate.swift in Sources */ = {isa = PBXBuildFile; fileRef = 847BBBF027C5E607005E8A6C /* SceneDelegate.swift */; };
		847BBBF327C5E607005E8A6C /* PokemonsListViewController.swift in Sources */ = {isa = PBXBuildFile; fileRef = 847BBBF227C5E607005E8A6C /* PokemonsListViewController.swift */; };
		847BBBF927C5E607005E8A6C /* PokemonApp.xcdatamodeld in Sources */ = {isa = PBXBuildFile; fileRef = 847BBBF727C5E607005E8A6C /* PokemonApp.xcdatamodeld */; };
		847BBBFB27C5E608005E8A6C /* Assets.xcassets in Resources */ = {isa = PBXBuildFile; fileRef = 847BBBFA27C5E608005E8A6C /* Assets.xcassets */; };
		847BBBFE27C5E608005E8A6C /* LaunchScreen.storyboard in Resources */ = {isa = PBXBuildFile; fileRef = 847BBBFC27C5E608005E8A6C /* LaunchScreen.storyboard */; };
		847BBC0627C5E7A2005E8A6C /* PokemonCell.swift in Sources */ = {isa = PBXBuildFile; fileRef = 847BBC0527C5E7A2005E8A6C /* PokemonCell.swift */; };
		847BBC0C27C5EF0B005E8A6C /* NetworkManager.swift in Sources */ = {isa = PBXBuildFile; fileRef = 847BBC0B27C5EF0B005E8A6C /* NetworkManager.swift */; };
		847BBC0F27C5FE4D005E8A6C /* Pokemons.swift in Sources */ = {isa = PBXBuildFile; fileRef = 847BBC0E27C5FE4D005E8A6C /* Pokemons.swift */; };
		847BBC1127C60C86005E8A6C /* Post.swift in Sources */ = {isa = PBXBuildFile; fileRef = 847BBC1027C60C86005E8A6C /* Post.swift */; };
		847BBC1327C61EA3005E8A6C /* ErrorMessage.swift in Sources */ = {isa = PBXBuildFile; fileRef = 847BBC1227C61EA3005E8A6C /* ErrorMessage.swift */; };
		847BBC1627C61F18005E8A6C /* PokemonList.swift in Sources */ = {isa = PBXBuildFile; fileRef = 847BBC1527C61F18005E8A6C /* PokemonList.swift */; };
/* End PBXBuildFile section */

/* Begin PBXFileReference section */
		847BBBEB27C5E607005E8A6C /* PokemonApp.app */ = {isa = PBXFileReference; explicitFileType = wrapper.application; includeInIndex = 0; path = PokemonApp.app; sourceTree = BUILT_PRODUCTS_DIR; };
		847BBBEE27C5E607005E8A6C /* AppDelegate.swift */ = {isa = PBXFileReference; lastKnownFileType = sourcecode.swift; path = AppDelegate.swift; sourceTree = "<group>"; };
		847BBBF027C5E607005E8A6C /* SceneDelegate.swift */ = {isa = PBXFileReference; lastKnownFileType = sourcecode.swift; path = SceneDelegate.swift; sourceTree = "<group>"; };
		847BBBF227C5E607005E8A6C /* PokemonsListViewController.swift */ = {isa = PBXFileReference; lastKnownFileType = sourcecode.swift; path = PokemonsListViewController.swift; sourceTree = "<group>"; };
		847BBBF827C5E607005E8A6C /* PokemonApp.xcdatamodel */ = {isa = PBXFileReference; lastKnownFileType = wrapper.xcdatamodel; path = PokemonApp.xcdatamodel; sourceTree = "<group>"; };
		847BBBFA27C5E608005E8A6C /* Assets.xcassets */ = {isa = PBXFileReference; lastKnownFileType = folder.assetcatalog; path = Assets.xcassets; sourceTree = "<group>"; };
		847BBBFD27C5E608005E8A6C /* Base */ = {isa = PBXFileReference; lastKnownFileType = file.storyboard; name = Base; path = Base.lproj/LaunchScreen.storyboard; sourceTree = "<group>"; };
		847BBBFF27C5E608005E8A6C /* Info.plist */ = {isa = PBXFileReference; lastKnownFileType = text.plist.xml; path = Info.plist; sourceTree = "<group>"; };
		847BBC0527C5E7A2005E8A6C /* PokemonCell.swift */ = {isa = PBXFileReference; lastKnownFileType = sourcecode.swift; path = PokemonCell.swift; sourceTree = "<group>"; };
		847BBC0B27C5EF0B005E8A6C /* NetworkManager.swift */ = {isa = PBXFileReference; lastKnownFileType = sourcecode.swift; path = NetworkManager.swift; sourceTree = "<group>"; };
		847BBC0E27C5FE4D005E8A6C /* Pokemons.swift */ = {isa = PBXFileReference; lastKnownFileType = sourcecode.swift; path = Pokemons.swift; sourceTree = "<group>"; };
		847BBC1027C60C86005E8A6C /* Post.swift */ = {isa = PBXFileReference; lastKnownFileType = sourcecode.swift; path = Post.swift; sourceTree = "<group>"; };
		847BBC1227C61EA3005E8A6C /* ErrorMessage.swift */ = {isa = PBXFileReference; lastKnownFileType = sourcecode.swift; path = ErrorMessage.swift; sourceTree = "<group>"; };
		847BBC1527C61F18005E8A6C /* PokemonList.swift */ = {isa = PBXFileReference; lastKnownFileType = sourcecode.swift; path = PokemonList.swift; sourceTree = "<group>"; };
/* End PBXFileReference section */

/* Begin PBXFrameworksBuildPhase section */
		847BBBE827C5E607005E8A6C /* Frameworks */ = {
			isa = PBXFrameworksBuildPhase;
			buildActionMask = 2147483647;
			files = (
			);
			runOnlyForDeploymentPostprocessing = 0;
		};
/* End PBXFrameworksBuildPhase section */

/* Begin PBXGroup section */
		847BBBE227C5E607005E8A6C = {
			isa = PBXGroup;
			children = (
				847BBBED27C5E607005E8A6C /* PokemonApp */,
				847BBBEC27C5E607005E8A6C /* Products */,
			);
			sourceTree = "<group>";
		};
		847BBBEC27C5E607005E8A6C /* Products */ = {
			isa = PBXGroup;
			children = (
				847BBBEB27C5E607005E8A6C /* PokemonApp.app */,
			);
			name = Products;
			sourceTree = "<group>";
		};
		847BBBED27C5E607005E8A6C /* PokemonApp */ = {
			isa = PBXGroup;
			children = (
				847BBC0927C5E9B6005E8A6C /* Application */,
				847BBC1727C61FB1005E8A6C /* Models */,
				847BBC0D27C5EF1F005E8A6C /* Services */,
				847BBC0827C5E94B005E8A6C /* Scenes */,
				847BBC0A27C5EA06005E8A6C /* Resources */,
				847BBC1427C61EB9005E8A6C /* Utilities */,
			);
			path = PokemonApp;
			sourceTree = "<group>";
		};
		847BBC0727C5E933005E8A6C /* PokemonsList */ = {
			isa = PBXGroup;
			children = (
				847BBBF227C5E607005E8A6C /* PokemonsListViewController.swift */,
				847BBC0527C5E7A2005E8A6C /* PokemonCell.swift */,
			);
			path = PokemonsList;
			sourceTree = "<group>";
		};
		847BBC0827C5E94B005E8A6C /* Scenes */ = {
			isa = PBXGroup;
			children = (
				847BBC0727C5E933005E8A6C /* PokemonsList */,
			);
			path = Scenes;
			sourceTree = "<group>";
		};
		847BBC0927C5E9B6005E8A6C /* Application */ = {
			isa = PBXGroup;
			children = (
				847BBBEE27C5E607005E8A6C /* AppDelegate.swift */,
				847BBBF027C5E607005E8A6C /* SceneDelegate.swift */,
			);
			path = Application;
			sourceTree = "<group>";
		};
		847BBC0A27C5EA06005E8A6C /* Resources */ = {
			isa = PBXGroup;
			children = (
				847BBBFA27C5E608005E8A6C /* Assets.xcassets */,
				847BBBFC27C5E608005E8A6C /* LaunchScreen.storyboard */,
				847BBBFF27C5E608005E8A6C /* Info.plist */,
				847BBBF727C5E607005E8A6C /* PokemonApp.xcdatamodeld */,
			);
			path = Resources;
			sourceTree = "<group>";
		};
		847BBC0D27C5EF1F005E8A6C /* Services */ = {
			isa = PBXGroup;
			children = (
				847BBC0B27C5EF0B005E8A6C /* NetworkManager.swift */,
			);
			path = Services;
			sourceTree = "<group>";
		};
		847BBC1427C61EB9005E8A6C /* Utilities */ = {
			isa = PBXGroup;
			children = (
				847BBC1227C61EA3005E8A6C /* ErrorMessage.swift */,
			);
			path = Utilities;
			sourceTree = "<group>";
		};
		847BBC1727C61FB1005E8A6C /* Models */ = {
			isa = PBXGroup;
			children = (
				847BBC1527C61F18005E8A6C /* PokemonList.swift */,
				847BBC0E27C5FE4D005E8A6C /* Pokemons.swift */,
				847BBC1027C60C86005E8A6C /* Post.swift */,
			);
			path = Models;
			sourceTree = "<group>";
		};
/* End PBXGroup section */

/* Begin PBXNativeTarget section */
		847BBBEA27C5E607005E8A6C /* PokemonApp */ = {
			isa = PBXNativeTarget;
			buildConfigurationList = 847BBC0227C5E608005E8A6C /* Build configuration list for PBXNativeTarget "PokemonApp" */;
			buildPhases = (
				847BBBE727C5E607005E8A6C /* Sources */,
				847BBBE827C5E607005E8A6C /* Frameworks */,
				847BBBE927C5E607005E8A6C /* Resources */,
			);
			buildRules = (
			);
			dependencies = (
			);
			name = PokemonApp;
			productName = PokemonApp;
			productReference = 847BBBEB27C5E607005E8A6C /* PokemonApp.app */;
			productType = "com.apple.product-type.application";
		};
/* End PBXNativeTarget section */

/* Begin PBXProject section */
		847BBBE327C5E607005E8A6C /* Project object */ = {
			isa = PBXProject;
			attributes = {
				LastSwiftUpdateCheck = 1250;
				LastUpgradeCheck = 1250;
				TargetAttributes = {
					847BBBEA27C5E607005E8A6C = {
						CreatedOnToolsVersion = 12.5.1;
					};
				};
			};
			buildConfigurationList = 847BBBE627C5E607005E8A6C /* Build configuration list for PBXProject "PokemonApp" */;
			compatibilityVersion = "Xcode 9.3";
			developmentRegion = en;
			hasScannedForEncodings = 0;
			knownRegions = (
				en,
				Base,
			);
			mainGroup = 847BBBE227C5E607005E8A6C;
			productRefGroup = 847BBBEC27C5E607005E8A6C /* Products */;
			projectDirPath = "";
			projectRoot = "";
			targets = (
				847BBBEA27C5E607005E8A6C /* PokemonApp */,
			);
		};
/* End PBXProject section */

/* Begin PBXResourcesBuildPhase section */
		847BBBE927C5E607005E8A6C /* Resources */ = {
			isa = PBXResourcesBuildPhase;
			buildActionMask = 2147483647;
			files = (
				847BBBFE27C5E608005E8A6C /* LaunchScreen.storyboard in Resources */,
				847BBBFB27C5E608005E8A6C /* Assets.xcassets in Resources */,
			);
			runOnlyForDeploymentPostprocessing = 0;
		};
/* End PBXResourcesBuildPhase section */

/* Begin PBXSourcesBuildPhase section */
		847BBBE727C5E607005E8A6C /* Sources */ = {
			isa = PBXSourcesBuildPhase;
			buildActionMask = 2147483647;
			files = (
				847BBC0627C5E7A2005E8A6C /* PokemonCell.swift in Sources */,
				847BBC0C27C5EF0B005E8A6C /* NetworkManager.swift in Sources */,
				847BBC0F27C5FE4D005E8A6C /* Pokemons.swift in Sources */,
				847BBBF327C5E607005E8A6C /* PokemonsListViewController.swift in Sources */,
				847BBBF927C5E607005E8A6C /* PokemonApp.xcdatamodeld in Sources */,
				847BBC1627C61F18005E8A6C /* PokemonList.swift in Sources */,
				847BBC1127C60C86005E8A6C /* Post.swift in Sources */,
				847BBBEF27C5E607005E8A6C /* AppDelegate.swift in Sources */,
				847BBC1327C61EA3005E8A6C /* ErrorMessage.swift in Sources */,
				847BBBF127C5E607005E8A6C /* SceneDelegate.swift in Sources */,
			);
			runOnlyForDeploymentPostprocessing = 0;
		};
/* End PBXSourcesBuildPhase section */

/* Begin PBXVariantGroup section */
		847BBBFC27C5E608005E8A6C /* LaunchScreen.storyboard */ = {
			isa = PBXVariantGroup;
			children = (
				847BBBFD27C5E608005E8A6C /* Base */,
			);
			name = LaunchScreen.storyboard;
			sourceTree = "<group>";
		};
/* End PBXVariantGroup section */

/* Begin XCBuildConfiguration section */
		847BBC0027C5E608005E8A6C /* Debug */ = {
			isa = XCBuildConfiguration;
			buildSettings = {
				ALWAYS_SEARCH_USER_PATHS = NO;
				CLANG_ANALYZER_NONNULL = YES;
				CLANG_ANALYZER_NUMBER_OBJECT_CONVERSION = YES_AGGRESSIVE;
				CLANG_CXX_LANGUAGE_STANDARD = "gnu++14";
				CLANG_CXX_LIBRARY = "libc++";
				CLANG_ENABLE_MODULES = YES;
				CLANG_ENABLE_OBJC_ARC = YES;
				CLANG_ENABLE_OBJC_WEAK = YES;
				CLANG_WARN_BLOCK_CAPTURE_AUTORELEASING = YES;
				CLANG_WARN_BOOL_CONVERSION = YES;
				CLANG_WARN_COMMA = YES;
				CLANG_WARN_CONSTANT_CONVERSION = YES;
				CLANG_WARN_DEPRECATED_OBJC_IMPLEMENTATIONS = YES;
				CLANG_WARN_DIRECT_OBJC_ISA_USAGE = YES_ERROR;
				CLANG_WARN_DOCUMENTATION_COMMENTS = YES;
				CLANG_WARN_EMPTY_BODY = YES;
				CLANG_WARN_ENUM_CONVERSION = YES;
				CLANG_WARN_INFINITE_RECURSION = YES;
				CLANG_WARN_INT_CONVERSION = YES;
				CLANG_WARN_NON_LITERAL_NULL_CONVERSION = YES;
				CLANG_WARN_OBJC_IMPLICIT_RETAIN_SELF = YES;
				CLANG_WARN_OBJC_LITERAL_CONVERSION = YES;
				CLANG_WARN_OBJC_ROOT_CLASS = YES_ERROR;
				CLANG_WARN_QUOTED_INCLUDE_IN_FRAMEWORK_HEADER = YES;
				CLANG_WARN_RANGE_LOOP_ANALYSIS = YES;
				CLANG_WARN_STRICT_PROTOTYPES = YES;
				CLANG_WARN_SUSPICIOUS_MOVE = YES;
				CLANG_WARN_UNGUARDED_AVAILABILITY = YES_AGGRESSIVE;
				CLANG_WARN_UNREACHABLE_CODE = YES;
				CLANG_WARN__DUPLICATE_METHOD_MATCH = YES;
				COPY_PHASE_STRIP = NO;
				DEBUG_INFORMATION_FORMAT = dwarf;
				ENABLE_STRICT_OBJC_MSGSEND = YES;
				ENABLE_TESTABILITY = YES;
				GCC_C_LANGUAGE_STANDARD = gnu11;
				GCC_DYNAMIC_NO_PIC = NO;
				GCC_NO_COMMON_BLOCKS = YES;
				GCC_OPTIMIZATION_LEVEL = 0;
				GCC_PREPROCESSOR_DEFINITIONS = (
					"DEBUG=1",
					"$(inherited)",
				);
				GCC_WARN_64_TO_32_BIT_CONVERSION = YES;
				GCC_WARN_ABOUT_RETURN_TYPE = YES_ERROR;
				GCC_WARN_UNDECLARED_SELECTOR = YES;
				GCC_WARN_UNINITIALIZED_AUTOS = YES_AGGRESSIVE;
				GCC_WARN_UNUSED_FUNCTION = YES;
				GCC_WARN_UNUSED_VARIABLE = YES;
				IPHONEOS_DEPLOYMENT_TARGET = 14.5;
				MTL_ENABLE_DEBUG_INFO = INCLUDE_SOURCE;
				MTL_FAST_MATH = YES;
				ONLY_ACTIVE_ARCH = YES;
				SDKROOT = iphoneos;
				SWIFT_ACTIVE_COMPILATION_CONDITIONS = DEBUG;
				SWIFT_OPTIMIZATION_LEVEL = "-Onone";
			};
			name = Debug;
		};
		847BBC0127C5E608005E8A6C /* Release */ = {
			isa = XCBuildConfiguration;
			buildSettings = {
				ALWAYS_SEARCH_USER_PATHS = NO;
				CLANG_ANALYZER_NONNULL = YES;
				CLANG_ANALYZER_NUMBER_OBJECT_CONVERSION = YES_AGGRESSIVE;
				CLANG_CXX_LANGUAGE_STANDARD = "gnu++14";
				CLANG_CXX_LIBRARY = "libc++";
				CLANG_ENABLE_MODULES = YES;
				CLANG_ENABLE_OBJC_ARC = YES;
				CLANG_ENABLE_OBJC_WEAK = YES;
				CLANG_WARN_BLOCK_CAPTURE_AUTORELEASING = YES;
				CLANG_WARN_BOOL_CONVERSION = YES;
				CLANG_WARN_COMMA = YES;
				CLANG_WARN_CONSTANT_CONVERSION = YES;
				CLANG_WARN_DEPRECATED_OBJC_IMPLEMENTATIONS = YES;
				CLANG_WARN_DIRECT_OBJC_ISA_USAGE = YES_ERROR;
				CLANG_WARN_DOCUMENTATION_COMMENTS = YES;
				CLANG_WARN_EMPTY_BODY = YES;
				CLANG_WARN_ENUM_CONVERSION = YES;
				CLANG_WARN_INFINITE_RECURSION = YES;
				CLANG_WARN_INT_CONVERSION = YES;
				CLANG_WARN_NON_LITERAL_NULL_CONVERSION = YES;
				CLANG_WARN_OBJC_IMPLICIT_RETAIN_SELF = YES;
				CLANG_WARN_OBJC_LITERAL_CONVERSION = YES;
				CLANG_WARN_OBJC_ROOT_CLASS = YES_ERROR;
				CLANG_WARN_QUOTED_INCLUDE_IN_FRAMEWORK_HEADER = YES;
				CLANG_WARN_RANGE_LOOP_ANALYSIS = YES;
				CLANG_WARN_STRICT_PROTOTYPES = YES;
				CLANG_WARN_SUSPICIOUS_MOVE = YES;
				CLANG_WARN_UNGUARDED_AVAILABILITY = YES_AGGRESSIVE;
				CLANG_WARN_UNREACHABLE_CODE = YES;
				CLANG_WARN__DUPLICATE_METHOD_MATCH = YES;
				COPY_PHASE_STRIP = NO;
				DEBUG_INFORMATION_FORMAT = "dwarf-with-dsym";
				ENABLE_NS_ASSERTIONS = NO;
				ENABLE_STRICT_OBJC_MSGSEND = YES;
				GCC_C_LANGUAGE_STANDARD = gnu11;
				GCC_NO_COMMON_BLOCKS = YES;
				GCC_WARN_64_TO_32_BIT_CONVERSION = YES;
				GCC_WARN_ABOUT_RETURN_TYPE = YES_ERROR;
				GCC_WARN_UNDECLARED_SELECTOR = YES;
				GCC_WARN_UNINITIALIZED_AUTOS = YES_AGGRESSIVE;
				GCC_WARN_UNUSED_FUNCTION = YES;
				GCC_WARN_UNUSED_VARIABLE = YES;
				IPHONEOS_DEPLOYMENT_TARGET = 14.5;
				MTL_ENABLE_DEBUG_INFO = NO;
				MTL_FAST_MATH = YES;
				SDKROOT = iphoneos;
				SWIFT_COMPILATION_MODE = wholemodule;
				SWIFT_OPTIMIZATION_LEVEL = "-O";
				VALIDATE_PRODUCT = YES;
			};
			name = Release;
		};
		847BBC0327C5E608005E8A6C /* Debug */ = {
			isa = XCBuildConfiguration;
			buildSettings = {
				ASSETCATALOG_COMPILER_APPICON_NAME = AppIcon;
				ASSETCATALOG_COMPILER_GLOBAL_ACCENT_COLOR_NAME = AccentColor;
				CODE_SIGN_STYLE = Automatic;
				DEVELOPMENT_TEAM = PZRD3MXDYZ;
				INFOPLIST_FILE = PokemonApp/Resources/Info.plist;
				LD_RUNPATH_SEARCH_PATHS = (
					"$(inherited)",
					"@executable_path/Frameworks",
				);
				PRODUCT_BUNDLE_IDENTIFIER = testPavel.PokemonApp;
				PRODUCT_NAME = "$(TARGET_NAME)";
				SWIFT_VERSION = 5.0;
				TARGETED_DEVICE_FAMILY = "1,2";
			};
			name = Debug;
		};
		847BBC0427C5E608005E8A6C /* Release */ = {
			isa = XCBuildConfiguration;
			buildSettings = {
				ASSETCATALOG_COMPILER_APPICON_NAME = AppIcon;
				ASSETCATALOG_COMPILER_GLOBAL_ACCENT_COLOR_NAME = AccentColor;
				CODE_SIGN_STYLE = Automatic;
				DEVELOPMENT_TEAM = PZRD3MXDYZ;
				INFOPLIST_FILE = PokemonApp/Resources/Info.plist;
				LD_RUNPATH_SEARCH_PATHS = (
					"$(inherited)",
					"@executable_path/Frameworks",
				);
				PRODUCT_BUNDLE_IDENTIFIER = testPavel.PokemonApp;
				PRODUCT_NAME = "$(TARGET_NAME)";
				SWIFT_VERSION = 5.0;
				TARGETED_DEVICE_FAMILY = "1,2";
			};
			name = Release;
		};
/* End XCBuildConfiguration section */

/* Begin XCConfigurationList section */
		847BBBE627C5E607005E8A6C /* Build configuration list for PBXProject "PokemonApp" */ = {
			isa = XCConfigurationList;
			buildConfigurations = (
				847BBC0027C5E608005E8A6C /* Debug */,
				847BBC0127C5E608005E8A6C /* Release */,
			);
			defaultConfigurationIsVisible = 0;
			defaultConfigurationName = Release;
		};
		847BBC0227C5E608005E8A6C /* Build configuration list for PBXNativeTarget "PokemonApp" */ = {
			isa = XCConfigurationList;
			buildConfigurations = (
				847BBC0327C5E608005E8A6C /* Debug */,
				847BBC0427C5E608005E8A6C /* Release */,
			);
			defaultConfigurationIsVisible = 0;
			defaultConfigurationName = Release;
		};
/* End XCConfigurationList section */

/* Begin XCVersionGroup section */
		847BBBF727C5E607005E8A6C /* PokemonApp.xcdatamodeld */ = {
			isa = XCVersionGroup;
			children = (
				847BBBF827C5E607005E8A6C /* PokemonApp.xcdatamodel */,
			);
			currentVersion = 847BBBF827C5E607005E8A6C /* PokemonApp.xcdatamodel */;
			path = PokemonApp.xcdatamodeld;
			sourceTree = "<group>";
			versionGroupType = wrapper.xcdatamodel;
		};
/* End XCVersionGroup section */
	};
	rootObject = 847BBBE327C5E607005E8A6C /* Project object */;
}
